// !$*UTF8*$!
{
	archiveVersion = 1;
	classes = {
	};
	objectVersion = 51;
	objects = {

/* Begin PBXBuildFile section */
		1D6877D8260AEABE008DD218 /* ImageUploader.swift in Sources */ = {isa = PBXBuildFile; fileRef = 1D6877D7260AEABE008DD218 /* ImageUploader.swift */; };
		1D6877DB260AEAC6008DD218 /* AuthService.swift in Sources */ = {isa = PBXBuildFile; fileRef = 1D6877DA260AEAC6008DD218 /* AuthService.swift */; };
		1D6877DF260C5AB2008DD218 /* ProfileCell.swift in Sources */ = {isa = PBXBuildFile; fileRef = 1D6877DE260C5AB2008DD218 /* ProfileCell.swift */; };
		1D6877E2260C5ADB008DD218 /* ProfileHeader.swift in Sources */ = {isa = PBXBuildFile; fileRef = 1D6877E1260C5ADB008DD218 /* ProfileHeader.swift */; };
		1D6ED5102601B98300CE7266 /* MainTabController.swift in Sources */ = {isa = PBXBuildFile; fileRef = 1D6ED50F2601B98300CE7266 /* MainTabController.swift */; };
		1D6ED5132601BC3800CE7266 /* FeedController.swift in Sources */ = {isa = PBXBuildFile; fileRef = 1D6ED5122601BC3800CE7266 /* FeedController.swift */; };
		1D6ED5162601BC4A00CE7266 /* SearchController.swift in Sources */ = {isa = PBXBuildFile; fileRef = 1D6ED5152601BC4A00CE7266 /* SearchController.swift */; };
		1D6ED5192601BC5100CE7266 /* NotificationsController.swift in Sources */ = {isa = PBXBuildFile; fileRef = 1D6ED5182601BC5100CE7266 /* NotificationsController.swift */; };
		1D6ED51C2601BC5E00CE7266 /* ImageSelectorController.swift in Sources */ = {isa = PBXBuildFile; fileRef = 1D6ED51B2601BC5E00CE7266 /* ImageSelectorController.swift */; };
		1D6ED51F2601BC6B00CE7266 /* ProfileController.swift in Sources */ = {isa = PBXBuildFile; fileRef = 1D6ED51E2601BC6B00CE7266 /* ProfileController.swift */; };
		1D6ED5232601C9AA00CE7266 /* FeedCell.swift in Sources */ = {isa = PBXBuildFile; fileRef = 1D6ED5222601C9AA00CE7266 /* FeedCell.swift */; };
		1D6ED5262601CAE000CE7266 /* Extensions.swift in Sources */ = {isa = PBXBuildFile; fileRef = 1D6ED5252601CAE000CE7266 /* Extensions.swift */; };
		1D6ED52A2601E2F000CE7266 /* LoginController.swift in Sources */ = {isa = PBXBuildFile; fileRef = 1D6ED5292601E2F000CE7266 /* LoginController.swift */; };
		1D6ED52E2601E2F700CE7266 /* RegistrationController.swift in Sources */ = {isa = PBXBuildFile; fileRef = 1D6ED52D2601E2F700CE7266 /* RegistrationController.swift */; };
		1D6ED5312601EF5F00CE7266 /* CustomTextField.swift in Sources */ = {isa = PBXBuildFile; fileRef = 1D6ED5302601EF5F00CE7266 /* CustomTextField.swift */; };
		1D6ED534260231D100CE7266 /* AuthenticationViewModel.swift in Sources */ = {isa = PBXBuildFile; fileRef = 1D6ED533260231D100CE7266 /* AuthenticationViewModel.swift */; };
		1D7AEF04261A9FE1006EEEB9 /* Post.swift in Sources */ = {isa = PBXBuildFile; fileRef = 1D7AEF03261A9FE1006EEEB9 /* Post.swift */; };
		1D7AEF07261AAAD5006EEEB9 /* PostViewModel.swift in Sources */ = {isa = PBXBuildFile; fileRef = 1D7AEF06261AAAD5006EEEB9 /* PostViewModel.swift */; };
		1D86B24126195927006F753F /* UploadPostController.swift in Sources */ = {isa = PBXBuildFile; fileRef = 1D86B24026195927006F753F /* UploadPostController.swift */; };
		1D86B24426196024006F753F /* InputTextView.swift in Sources */ = {isa = PBXBuildFile; fileRef = 1D86B24326196024006F753F /* InputTextView.swift */; };
		1D8B68C12601B74300EF6F8F /* AppDelegate.swift in Sources */ = {isa = PBXBuildFile; fileRef = 1D8B68C02601B74300EF6F8F /* AppDelegate.swift */; };
		1D8B68C32601B74300EF6F8F /* SceneDelegate.swift in Sources */ = {isa = PBXBuildFile; fileRef = 1D8B68C22601B74300EF6F8F /* SceneDelegate.swift */; };
		1D8B68C52601B74300EF6F8F /* ViewController.swift in Sources */ = {isa = PBXBuildFile; fileRef = 1D8B68C42601B74300EF6F8F /* ViewController.swift */; };
		1D8B68C82601B74300EF6F8F /* Main.storyboard in Resources */ = {isa = PBXBuildFile; fileRef = 1D8B68C62601B74300EF6F8F /* Main.storyboard */; };
		1D8B68CA2601B74500EF6F8F /* Assets.xcassets in Resources */ = {isa = PBXBuildFile; fileRef = 1D8B68C92601B74500EF6F8F /* Assets.xcassets */; };
		1D8B68CD2601B74500EF6F8F /* LaunchScreen.storyboard in Resources */ = {isa = PBXBuildFile; fileRef = 1D8B68CB2601B74500EF6F8F /* LaunchScreen.storyboard */; };
		1D9DC8922610A82000A3870B /* UserService.swift in Sources */ = {isa = PBXBuildFile; fileRef = 1D9DC8912610A82000A3870B /* UserService.swift */; };
		1D9DC8952610A8A100A3870B /* Constants.swift in Sources */ = {isa = PBXBuildFile; fileRef = 1D9DC8942610A8A100A3870B /* Constants.swift */; };
		1D9DC898261160BC00A3870B /* User.swift in Sources */ = {isa = PBXBuildFile; fileRef = 1D9DC897261160BC00A3870B /* User.swift */; };
		1D9DC89B261168D100A3870B /* ProfileHeaderViewModel.swift in Sources */ = {isa = PBXBuildFile; fileRef = 1D9DC89A261168D100A3870B /* ProfileHeaderViewModel.swift */; };
		1D9DC89E2611977300A3870B /* UserCell.swift in Sources */ = {isa = PBXBuildFile; fileRef = 1D9DC89D2611977300A3870B /* UserCell.swift */; };
		1D9DC8A22612E22A00A3870B /* UserCellViewModel.swift in Sources */ = {isa = PBXBuildFile; fileRef = 1D9DC8A12612E22A00A3870B /* UserCellViewModel.swift */; };
		1DB90D4B260ADF28006F4CA1 /* GoogleService-Info.plist in Resources */ = {isa = PBXBuildFile; fileRef = 1DB90D4A260ADF28006F4CA1 /* GoogleService-Info.plist */; };
		1DE377212619E88600AC6104 /* PostService.swift in Sources */ = {isa = PBXBuildFile; fileRef = 1DE377202619E88600AC6104 /* PostService.swift */; };
		67B388782B478547D94C44F5 /* Pods_InstagramClone.framework in Frameworks */ = {isa = PBXBuildFile; fileRef = 2E44A147E134F7A1CF060F5D /* Pods_InstagramClone.framework */; };
/* End PBXBuildFile section */

/* Begin PBXFileReference section */
		0C12081173CED909061C33B1 /* Pods-InstagramClone.release.xcconfig */ = {isa = PBXFileReference; includeInIndex = 1; lastKnownFileType = text.xcconfig; name = "Pods-InstagramClone.release.xcconfig"; path = "Target Support Files/Pods-InstagramClone/Pods-InstagramClone.release.xcconfig"; sourceTree = "<group>"; };
		1D6877D7260AEABE008DD218 /* ImageUploader.swift */ = {isa = PBXFileReference; lastKnownFileType = sourcecode.swift; path = ImageUploader.swift; sourceTree = "<group>"; };
		1D6877DA260AEAC6008DD218 /* AuthService.swift */ = {isa = PBXFileReference; lastKnownFileType = sourcecode.swift; path = AuthService.swift; sourceTree = "<group>"; };
		1D6877DE260C5AB2008DD218 /* ProfileCell.swift */ = {isa = PBXFileReference; lastKnownFileType = sourcecode.swift; path = ProfileCell.swift; sourceTree = "<group>"; };
		1D6877E1260C5ADB008DD218 /* ProfileHeader.swift */ = {isa = PBXFileReference; lastKnownFileType = sourcecode.swift; path = ProfileHeader.swift; sourceTree = "<group>"; };
		1D6ED50F2601B98300CE7266 /* MainTabController.swift */ = {isa = PBXFileReference; lastKnownFileType = sourcecode.swift; path = MainTabController.swift; sourceTree = "<group>"; };
		1D6ED5122601BC3800CE7266 /* FeedController.swift */ = {isa = PBXFileReference; lastKnownFileType = sourcecode.swift; path = FeedController.swift; sourceTree = "<group>"; };
		1D6ED5152601BC4A00CE7266 /* SearchController.swift */ = {isa = PBXFileReference; lastKnownFileType = sourcecode.swift; path = SearchController.swift; sourceTree = "<group>"; };
		1D6ED5182601BC5100CE7266 /* NotificationsController.swift */ = {isa = PBXFileReference; lastKnownFileType = sourcecode.swift; path = NotificationsController.swift; sourceTree = "<group>"; };
		1D6ED51B2601BC5E00CE7266 /* ImageSelectorController.swift */ = {isa = PBXFileReference; lastKnownFileType = sourcecode.swift; path = ImageSelectorController.swift; sourceTree = "<group>"; };
		1D6ED51E2601BC6B00CE7266 /* ProfileController.swift */ = {isa = PBXFileReference; lastKnownFileType = sourcecode.swift; path = ProfileController.swift; sourceTree = "<group>"; };
		1D6ED5222601C9AA00CE7266 /* FeedCell.swift */ = {isa = PBXFileReference; lastKnownFileType = sourcecode.swift; path = FeedCell.swift; sourceTree = "<group>"; };
		1D6ED5252601CAE000CE7266 /* Extensions.swift */ = {isa = PBXFileReference; lastKnownFileType = sourcecode.swift; path = Extensions.swift; sourceTree = "<group>"; };
		1D6ED5292601E2F000CE7266 /* LoginController.swift */ = {isa = PBXFileReference; lastKnownFileType = sourcecode.swift; path = LoginController.swift; sourceTree = "<group>"; };
		1D6ED52D2601E2F700CE7266 /* RegistrationController.swift */ = {isa = PBXFileReference; lastKnownFileType = sourcecode.swift; path = RegistrationController.swift; sourceTree = "<group>"; };
		1D6ED5302601EF5F00CE7266 /* CustomTextField.swift */ = {isa = PBXFileReference; lastKnownFileType = sourcecode.swift; path = CustomTextField.swift; sourceTree = "<group>"; };
		1D6ED533260231D100CE7266 /* AuthenticationViewModel.swift */ = {isa = PBXFileReference; lastKnownFileType = sourcecode.swift; path = AuthenticationViewModel.swift; sourceTree = "<group>"; };
		1D7AEF03261A9FE1006EEEB9 /* Post.swift */ = {isa = PBXFileReference; lastKnownFileType = sourcecode.swift; path = Post.swift; sourceTree = "<group>"; };
		1D7AEF06261AAAD5006EEEB9 /* PostViewModel.swift */ = {isa = PBXFileReference; lastKnownFileType = sourcecode.swift; path = PostViewModel.swift; sourceTree = "<group>"; };
		1D86B24026195927006F753F /* UploadPostController.swift */ = {isa = PBXFileReference; lastKnownFileType = sourcecode.swift; path = UploadPostController.swift; sourceTree = "<group>"; };
		1D86B24326196024006F753F /* InputTextView.swift */ = {isa = PBXFileReference; lastKnownFileType = sourcecode.swift; path = InputTextView.swift; sourceTree = "<group>"; };
		1D8B68BD2601B74300EF6F8F /* InstagramClone.app */ = {isa = PBXFileReference; explicitFileType = wrapper.application; includeInIndex = 0; path = InstagramClone.app; sourceTree = BUILT_PRODUCTS_DIR; };
		1D8B68C02601B74300EF6F8F /* AppDelegate.swift */ = {isa = PBXFileReference; lastKnownFileType = sourcecode.swift; path = AppDelegate.swift; sourceTree = "<group>"; };
		1D8B68C22601B74300EF6F8F /* SceneDelegate.swift */ = {isa = PBXFileReference; lastKnownFileType = sourcecode.swift; path = SceneDelegate.swift; sourceTree = "<group>"; };
		1D8B68C42601B74300EF6F8F /* ViewController.swift */ = {isa = PBXFileReference; lastKnownFileType = sourcecode.swift; path = ViewController.swift; sourceTree = "<group>"; };
		1D8B68C72601B74300EF6F8F /* Base */ = {isa = PBXFileReference; lastKnownFileType = file.storyboard; name = Base; path = Base.lproj/Main.storyboard; sourceTree = "<group>"; };
		1D8B68C92601B74500EF6F8F /* Assets.xcassets */ = {isa = PBXFileReference; lastKnownFileType = folder.assetcatalog; path = Assets.xcassets; sourceTree = "<group>"; };
		1D8B68CC2601B74500EF6F8F /* Base */ = {isa = PBXFileReference; lastKnownFileType = file.storyboard; name = Base; path = Base.lproj/LaunchScreen.storyboard; sourceTree = "<group>"; };
		1D8B68CE2601B74500EF6F8F /* Info.plist */ = {isa = PBXFileReference; lastKnownFileType = text.plist.xml; path = Info.plist; sourceTree = "<group>"; };
		1D9DC8912610A82000A3870B /* UserService.swift */ = {isa = PBXFileReference; lastKnownFileType = sourcecode.swift; path = UserService.swift; sourceTree = "<group>"; };
		1D9DC8942610A8A100A3870B /* Constants.swift */ = {isa = PBXFileReference; lastKnownFileType = sourcecode.swift; path = Constants.swift; sourceTree = "<group>"; };
		1D9DC897261160BC00A3870B /* User.swift */ = {isa = PBXFileReference; lastKnownFileType = sourcecode.swift; path = User.swift; sourceTree = "<group>"; };
		1D9DC89A261168D100A3870B /* ProfileHeaderViewModel.swift */ = {isa = PBXFileReference; lastKnownFileType = sourcecode.swift; path = ProfileHeaderViewModel.swift; sourceTree = "<group>"; };
		1D9DC89D2611977300A3870B /* UserCell.swift */ = {isa = PBXFileReference; lastKnownFileType = sourcecode.swift; path = UserCell.swift; sourceTree = "<group>"; };
		1D9DC8A12612E22A00A3870B /* UserCellViewModel.swift */ = {isa = PBXFileReference; lastKnownFileType = sourcecode.swift; path = UserCellViewModel.swift; sourceTree = "<group>"; };
		1DB90D4A260ADF28006F4CA1 /* GoogleService-Info.plist */ = {isa = PBXFileReference; fileEncoding = 4; lastKnownFileType = text.plist.xml; path = "GoogleService-Info.plist"; sourceTree = "<group>"; };
		1DE377202619E88600AC6104 /* PostService.swift */ = {isa = PBXFileReference; lastKnownFileType = sourcecode.swift; path = PostService.swift; sourceTree = "<group>"; };
		2E44A147E134F7A1CF060F5D /* Pods_InstagramClone.framework */ = {isa = PBXFileReference; explicitFileType = wrapper.framework; includeInIndex = 0; path = Pods_InstagramClone.framework; sourceTree = BUILT_PRODUCTS_DIR; };
		4E4445F1BAAF832C8D2C6D50 /* Pods-InstagramClone.debug.xcconfig */ = {isa = PBXFileReference; includeInIndex = 1; lastKnownFileType = text.xcconfig; name = "Pods-InstagramClone.debug.xcconfig"; path = "Target Support Files/Pods-InstagramClone/Pods-InstagramClone.debug.xcconfig"; sourceTree = "<group>"; };
/* End PBXFileReference section */

/* Begin PBXFrameworksBuildPhase section */
		1D8B68BA2601B74300EF6F8F /* Frameworks */ = {
			isa = PBXFrameworksBuildPhase;
			buildActionMask = 2147483647;
			files = (
				67B388782B478547D94C44F5 /* Pods_InstagramClone.framework in Frameworks */,
			);
			runOnlyForDeploymentPostprocessing = 0;
		};
/* End PBXFrameworksBuildPhase section */

/* Begin PBXGroup section */
		1D6877E4260C5ADF008DD218 /* Profile */ = {
			isa = PBXGroup;
			children = (
				1D6877DE260C5AB2008DD218 /* ProfileCell.swift */,
				1D6877E1260C5ADB008DD218 /* ProfileHeader.swift */,
			);
			path = Profile;
			sourceTree = "<group>";
		};
		1D6ED5082601B83200CE7266 /* Controller */ = {
			isa = PBXGroup;
			children = (
				1D6ED5282601E2E300CE7266 /* Authentication */,
				1D6ED50F2601B98300CE7266 /* MainTabController.swift */,
				1D6ED5122601BC3800CE7266 /* FeedController.swift */,
				1D6ED5152601BC4A00CE7266 /* SearchController.swift */,
				1D6ED5182601BC5100CE7266 /* NotificationsController.swift */,
				1D6ED51B2601BC5E00CE7266 /* ImageSelectorController.swift */,
				1D6ED51E2601BC6B00CE7266 /* ProfileController.swift */,
				1D86B24026195927006F753F /* UploadPostController.swift */,
			);
			path = Controller;
			sourceTree = "<group>";
		};
		1D6ED5092601B83B00CE7266 /* ViewModel */ = {
			isa = PBXGroup;
			children = (
				1D6ED533260231D100CE7266 /* AuthenticationViewModel.swift */,
				1D9DC89A261168D100A3870B /* ProfileHeaderViewModel.swift */,
				1D9DC8A12612E22A00A3870B /* UserCellViewModel.swift */,
				1D7AEF06261AAAD5006EEEB9 /* PostViewModel.swift */,
			);
			path = ViewModel;
			sourceTree = "<group>";
		};
		1D6ED50A2601B84000CE7266 /* View */ = {
			isa = PBXGroup;
			children = (
				1D6ED5222601C9AA00CE7266 /* FeedCell.swift */,
				1D6ED5302601EF5F00CE7266 /* CustomTextField.swift */,
				1D6877E4260C5ADF008DD218 /* Profile */,
				1D9DC89D2611977300A3870B /* UserCell.swift */,
			);
			path = View;
			sourceTree = "<group>";
		};
		1D6ED50B2601B84100CE7266 /* Model */ = {
			isa = PBXGroup;
			children = (
				1D9DC897261160BC00A3870B /* User.swift */,
				1D7AEF03261A9FE1006EEEB9 /* Post.swift */,
			);
			path = Model;
			sourceTree = "<group>";
		};
		1D6ED50C2601B85B00CE7266 /* API */ = {
			isa = PBXGroup;
			children = (
				1D6877D7260AEABE008DD218 /* ImageUploader.swift */,
				1D9DC8912610A82000A3870B /* UserService.swift */,
				1DE377202619E88600AC6104 /* PostService.swift */,
			);
			path = API;
			sourceTree = "<group>";
		};
		1D6ED50D2601B86500CE7266 /* Utils */ = {
			isa = PBXGroup;
			children = (
				1D6877DA260AEAC6008DD218 /* AuthService.swift */,
				1D6ED5252601CAE000CE7266 /* Extensions.swift */,
				1D9DC8942610A8A100A3870B /* Constants.swift */,
				1D86B24326196024006F753F /* InputTextView.swift */,
			);
			path = Utils;
			sourceTree = "<group>";
		};
		1D6ED5282601E2E300CE7266 /* Authentication */ = {
			isa = PBXGroup;
			children = (
				1D6ED5292601E2F000CE7266 /* LoginController.swift */,
				1D6ED52D2601E2F700CE7266 /* RegistrationController.swift */,
			);
			path = Authentication;
			sourceTree = "<group>";
		};
		1D8B68B42601B74300EF6F8F = {
			isa = PBXGroup;
			children = (
				1D8B68BF2601B74300EF6F8F /* InstagramClone */,
				1D8B68BE2601B74300EF6F8F /* Products */,
				69DADFBDB1364A13DF40B395 /* Pods */,
				CB52A46CAF6C7D1246595A89 /* Frameworks */,
			);
			sourceTree = "<group>";
		};
		1D8B68BE2601B74300EF6F8F /* Products */ = {
			isa = PBXGroup;
			children = (
				1D8B68BD2601B74300EF6F8F /* InstagramClone.app */,
			);
			name = Products;
			sourceTree = "<group>";
		};
		1D8B68BF2601B74300EF6F8F /* InstagramClone */ = {
			isa = PBXGroup;
			children = (
				1D6ED50D2601B86500CE7266 /* Utils */,
				1D6ED50C2601B85B00CE7266 /* API */,
				1D6ED50B2601B84100CE7266 /* Model */,
				1D6ED50A2601B84000CE7266 /* View */,
				1D6ED5092601B83B00CE7266 /* ViewModel */,
				1D6ED5082601B83200CE7266 /* Controller */,
				1D8B68C02601B74300EF6F8F /* AppDelegate.swift */,
				1D8B68C22601B74300EF6F8F /* SceneDelegate.swift */,
				1D8B68C42601B74300EF6F8F /* ViewController.swift */,
				1D8B68C62601B74300EF6F8F /* Main.storyboard */,
				1D8B68C92601B74500EF6F8F /* Assets.xcassets */,
				1D8B68CB2601B74500EF6F8F /* LaunchScreen.storyboard */,
				1D8B68CE2601B74500EF6F8F /* Info.plist */,
				1DB90D4A260ADF28006F4CA1 /* GoogleService-Info.plist */,
			);
			path = InstagramClone;
			sourceTree = "<group>";
		};
		69DADFBDB1364A13DF40B395 /* Pods */ = {
			isa = PBXGroup;
			children = (
				4E4445F1BAAF832C8D2C6D50 /* Pods-InstagramClone.debug.xcconfig */,
				0C12081173CED909061C33B1 /* Pods-InstagramClone.release.xcconfig */,
			);
			path = Pods;
			sourceTree = "<group>";
		};
		CB52A46CAF6C7D1246595A89 /* Frameworks */ = {
			isa = PBXGroup;
			children = (
				2E44A147E134F7A1CF060F5D /* Pods_InstagramClone.framework */,
			);
			name = Frameworks;
			sourceTree = "<group>";
		};
/* End PBXGroup section */

/* Begin PBXNativeTarget section */
		1D8B68BC2601B74300EF6F8F /* InstagramClone */ = {
			isa = PBXNativeTarget;
			buildConfigurationList = 1D8B68D12601B74500EF6F8F /* Build configuration list for PBXNativeTarget "InstagramClone" */;
			buildPhases = (
				F715A6DF087D2D44D3902ABF /* [CP] Check Pods Manifest.lock */,
				1D8B68B92601B74300EF6F8F /* Sources */,
				1D8B68BA2601B74300EF6F8F /* Frameworks */,
				1D8B68BB2601B74300EF6F8F /* Resources */,
				BB8982708927DC7E899203EE /* [CP] Embed Pods Frameworks */,
			);
			buildRules = (
			);
			dependencies = (
			);
			name = InstagramClone;
			productName = InstagramClone;
			productReference = 1D8B68BD2601B74300EF6F8F /* InstagramClone.app */;
			productType = "com.apple.product-type.application";
		};
/* End PBXNativeTarget section */

/* Begin PBXProject section */
		1D8B68B52601B74300EF6F8F /* Project object */ = {
			isa = PBXProject;
			attributes = {
				LastSwiftUpdateCheck = 1240;
				LastUpgradeCheck = 1240;
				TargetAttributes = {
					1D8B68BC2601B74300EF6F8F = {
						CreatedOnToolsVersion = 12.4;
					};
				};
			};
			buildConfigurationList = 1D8B68B82601B74300EF6F8F /* Build configuration list for PBXProject "InstagramClone" */;
			compatibilityVersion = "Xcode 9.3";
			developmentRegion = en;
			hasScannedForEncodings = 0;
			knownRegions = (
				en,
				Base,
			);
			mainGroup = 1D8B68B42601B74300EF6F8F;
			productRefGroup = 1D8B68BE2601B74300EF6F8F /* Products */;
			projectDirPath = "";
			projectRoot = "";
			targets = (
				1D8B68BC2601B74300EF6F8F /* InstagramClone */,
			);
		};
/* End PBXProject section */

/* Begin PBXResourcesBuildPhase section */
		1D8B68BB2601B74300EF6F8F /* Resources */ = {
			isa = PBXResourcesBuildPhase;
			buildActionMask = 2147483647;
			files = (
				1D8B68CD2601B74500EF6F8F /* LaunchScreen.storyboard in Resources */,
				1DB90D4B260ADF28006F4CA1 /* GoogleService-Info.plist in Resources */,
				1D8B68CA2601B74500EF6F8F /* Assets.xcassets in Resources */,
				1D8B68C82601B74300EF6F8F /* Main.storyboard in Resources */,
			);
			runOnlyForDeploymentPostprocessing = 0;
		};
/* End PBXResourcesBuildPhase section */

/* Begin PBXShellScriptBuildPhase section */
		BB8982708927DC7E899203EE /* [CP] Embed Pods Frameworks */ = {
			isa = PBXShellScriptBuildPhase;
			buildActionMask = 2147483647;
			files = (
			);
			inputFileListPaths = (
				"${PODS_ROOT}/Target Support Files/Pods-InstagramClone/Pods-InstagramClone-frameworks-${CONFIGURATION}-input-files.xcfilelist",
			);
			name = "[CP] Embed Pods Frameworks";
			outputFileListPaths = (
				"${PODS_ROOT}/Target Support Files/Pods-InstagramClone/Pods-InstagramClone-frameworks-${CONFIGURATION}-output-files.xcfilelist",
			);
			runOnlyForDeploymentPostprocessing = 0;
			shellPath = /bin/sh;
			shellScript = "\"${PODS_ROOT}/Target Support Files/Pods-InstagramClone/Pods-InstagramClone-frameworks.sh\"\n";
			showEnvVarsInLog = 0;
		};
		F715A6DF087D2D44D3902ABF /* [CP] Check Pods Manifest.lock */ = {
			isa = PBXShellScriptBuildPhase;
			buildActionMask = 2147483647;
			files = (
			);
			inputFileListPaths = (
			);
			inputPaths = (
				"${PODS_PODFILE_DIR_PATH}/Podfile.lock",
				"${PODS_ROOT}/Manifest.lock",
			);
			name = "[CP] Check Pods Manifest.lock";
			outputFileListPaths = (
			);
			outputPaths = (
				"$(DERIVED_FILE_DIR)/Pods-InstagramClone-checkManifestLockResult.txt",
			);
			runOnlyForDeploymentPostprocessing = 0;
			shellPath = /bin/sh;
			shellScript = "diff \"${PODS_PODFILE_DIR_PATH}/Podfile.lock\" \"${PODS_ROOT}/Manifest.lock\" > /dev/null\nif [ $? != 0 ] ; then\n    # print error to STDERR\n    echo \"error: The sandbox is not in sync with the Podfile.lock. Run 'pod install' or update your CocoaPods installation.\" >&2\n    exit 1\nfi\n# This output is used by Xcode 'outputs' to avoid re-running this script phase.\necho \"SUCCESS\" > \"${SCRIPT_OUTPUT_FILE_0}\"\n";
			showEnvVarsInLog = 0;
		};
/* End PBXShellScriptBuildPhase section */

/* Begin PBXSourcesBuildPhase section */
		1D8B68B92601B74300EF6F8F /* Sources */ = {
			isa = PBXSourcesBuildPhase;
			buildActionMask = 2147483647;
			files = (
				1D7AEF07261AAAD5006EEEB9 /* PostViewModel.swift in Sources */,
				1D6ED5312601EF5F00CE7266 /* CustomTextField.swift in Sources */,
				1D6877E2260C5ADB008DD218 /* ProfileHeader.swift in Sources */,
				1D86B24126195927006F753F /* UploadPostController.swift in Sources */,
				1D6ED51C2601BC5E00CE7266 /* ImageSelectorController.swift in Sources */,
				1D6ED52A2601E2F000CE7266 /* LoginController.swift in Sources */,
				1D6ED5232601C9AA00CE7266 /* FeedCell.swift in Sources */,
				1D8B68C52601B74300EF6F8F /* ViewController.swift in Sources */,
				1D6ED5162601BC4A00CE7266 /* SearchController.swift in Sources */,
				1D6ED534260231D100CE7266 /* AuthenticationViewModel.swift in Sources */,
				1D8B68C12601B74300EF6F8F /* AppDelegate.swift in Sources */,
				1D6ED5192601BC5100CE7266 /* NotificationsController.swift in Sources */,
				1D9DC898261160BC00A3870B /* User.swift in Sources */,
				1D9DC89E2611977300A3870B /* UserCell.swift in Sources */,
				1D6ED51F2601BC6B00CE7266 /* ProfileController.swift in Sources */,
				1D9DC89B261168D100A3870B /* ProfileHeaderViewModel.swift in Sources */,
				1D86B24426196024006F753F /* InputTextView.swift in Sources */,
				1D9DC8952610A8A100A3870B /* Constants.swift in Sources */,
				1D6ED5132601BC3800CE7266 /* FeedController.swift in Sources */,
				1D9DC8A22612E22A00A3870B /* UserCellViewModel.swift in Sources */,
				1D6ED5102601B98300CE7266 /* MainTabController.swift in Sources */,
				1D6ED5262601CAE000CE7266 /* Extensions.swift in Sources */,
				1D6877D8260AEABE008DD218 /* ImageUploader.swift in Sources */,
				1D7AEF04261A9FE1006EEEB9 /* Post.swift in Sources */,
				1D6877DB260AEAC6008DD218 /* AuthService.swift in Sources */,
				1DE377212619E88600AC6104 /* PostService.swift in Sources */,
				1D9DC8922610A82000A3870B /* UserService.swift in Sources */,
				1D6877DF260C5AB2008DD218 /* ProfileCell.swift in Sources */,
				1D8B68C32601B74300EF6F8F /* SceneDelegate.swift in Sources */,
				1D6ED52E2601E2F700CE7266 /* RegistrationController.swift in Sources */,
			);
			runOnlyForDeploymentPostprocessing = 0;
		};
/* End PBXSourcesBuildPhase section */

/* Begin PBXVariantGroup section */
		1D8B68C62601B74300EF6F8F /* Main.storyboard */ = {
			isa = PBXVariantGroup;
			children = (
				1D8B68C72601B74300EF6F8F /* Base */,
			);
			name = Main.storyboard;
			sourceTree = "<group>";
		};
		1D8B68CB2601B74500EF6F8F /* LaunchScreen.storyboard */ = {
			isa = PBXVariantGroup;
			children = (
				1D8B68CC2601B74500EF6F8F /* Base */,
			);
			name = LaunchScreen.storyboard;
			sourceTree = "<group>";
		};
/* End PBXVariantGroup section */

/* Begin XCBuildConfiguration section */
		1D8B68CF2601B74500EF6F8F /* Debug */ = {
			isa = XCBuildConfiguration;
			buildSettings = {
				ALWAYS_SEARCH_USER_PATHS = NO;
				CLANG_ANALYZER_NONNULL = YES;
				CLANG_ANALYZER_NUMBER_OBJECT_CONVERSION = YES_AGGRESSIVE;
				CLANG_CXX_LANGUAGE_STANDARD = "gnu++14";
				CLANG_CXX_LIBRARY = "libc++";
				CLANG_ENABLE_MODULES = YES;
				CLANG_ENABLE_OBJC_ARC = YES;
				CLANG_ENABLE_OBJC_WEAK = YES;
				CLANG_WARN_BLOCK_CAPTURE_AUTORELEASING = YES;
				CLANG_WARN_BOOL_CONVERSION = YES;
				CLANG_WARN_COMMA = YES;
				CLANG_WARN_CONSTANT_CONVERSION = YES;
				CLANG_WARN_DEPRECATED_OBJC_IMPLEMENTATIONS = YES;
				CLANG_WARN_DIRECT_OBJC_ISA_USAGE = YES_ERROR;
				CLANG_WARN_DOCUMENTATION_COMMENTS = YES;
				CLANG_WARN_EMPTY_BODY = YES;
				CLANG_WARN_ENUM_CONVERSION = YES;
				CLANG_WARN_INFINITE_RECURSION = YES;
				CLANG_WARN_INT_CONVERSION = YES;
				CLANG_WARN_NON_LITERAL_NULL_CONVERSION = YES;
				CLANG_WARN_OBJC_IMPLICIT_RETAIN_SELF = YES;
				CLANG_WARN_OBJC_LITERAL_CONVERSION = YES;
				CLANG_WARN_OBJC_ROOT_CLASS = YES_ERROR;
				CLANG_WARN_QUOTED_INCLUDE_IN_FRAMEWORK_HEADER = YES;
				CLANG_WARN_RANGE_LOOP_ANALYSIS = YES;
				CLANG_WARN_STRICT_PROTOTYPES = YES;
				CLANG_WARN_SUSPICIOUS_MOVE = YES;
				CLANG_WARN_UNGUARDED_AVAILABILITY = YES_AGGRESSIVE;
				CLANG_WARN_UNREACHABLE_CODE = YES;
				CLANG_WARN__DUPLICATE_METHOD_MATCH = YES;
				COPY_PHASE_STRIP = NO;
				DEBUG_INFORMATION_FORMAT = dwarf;
				ENABLE_STRICT_OBJC_MSGSEND = YES;
				ENABLE_TESTABILITY = YES;
				GCC_C_LANGUAGE_STANDARD = gnu11;
				GCC_DYNAMIC_NO_PIC = NO;
				GCC_NO_COMMON_BLOCKS = YES;
				GCC_OPTIMIZATION_LEVEL = 0;
				GCC_PREPROCESSOR_DEFINITIONS = (
					"DEBUG=1",
					"$(inherited)",
				);
				GCC_WARN_64_TO_32_BIT_CONVERSION = YES;
				GCC_WARN_ABOUT_RETURN_TYPE = YES_ERROR;
				GCC_WARN_UNDECLARED_SELECTOR = YES;
				GCC_WARN_UNINITIALIZED_AUTOS = YES_AGGRESSIVE;
				GCC_WARN_UNUSED_FUNCTION = YES;
				GCC_WARN_UNUSED_VARIABLE = YES;
				IPHONEOS_DEPLOYMENT_TARGET = 14.4;
				MTL_ENABLE_DEBUG_INFO = INCLUDE_SOURCE;
				MTL_FAST_MATH = YES;
				ONLY_ACTIVE_ARCH = YES;
				SDKROOT = iphoneos;
				SWIFT_ACTIVE_COMPILATION_CONDITIONS = DEBUG;
				SWIFT_OPTIMIZATION_LEVEL = "-Onone";
			};
			name = Debug;
		};
		1D8B68D02601B74500EF6F8F /* Release */ = {
			isa = XCBuildConfiguration;
			buildSettings = {
				ALWAYS_SEARCH_USER_PATHS = NO;
				CLANG_ANALYZER_NONNULL = YES;
				CLANG_ANALYZER_NUMBER_OBJECT_CONVERSION = YES_AGGRESSIVE;
				CLANG_CXX_LANGUAGE_STANDARD = "gnu++14";
				CLANG_CXX_LIBRARY = "libc++";
				CLANG_ENABLE_MODULES = YES;
				CLANG_ENABLE_OBJC_ARC = YES;
				CLANG_ENABLE_OBJC_WEAK = YES;
				CLANG_WARN_BLOCK_CAPTURE_AUTORELEASING = YES;
				CLANG_WARN_BOOL_CONVERSION = YES;
				CLANG_WARN_COMMA = YES;
				CLANG_WARN_CONSTANT_CONVERSION = YES;
				CLANG_WARN_DEPRECATED_OBJC_IMPLEMENTATIONS = YES;
				CLANG_WARN_DIRECT_OBJC_ISA_USAGE = YES_ERROR;
				CLANG_WARN_DOCUMENTATION_COMMENTS = YES;
				CLANG_WARN_EMPTY_BODY = YES;
				CLANG_WARN_ENUM_CONVERSION = YES;
				CLANG_WARN_INFINITE_RECURSION = YES;
				CLANG_WARN_INT_CONVERSION = YES;
				CLANG_WARN_NON_LITERAL_NULL_CONVERSION = YES;
				CLANG_WARN_OBJC_IMPLICIT_RETAIN_SELF = YES;
				CLANG_WARN_OBJC_LITERAL_CONVERSION = YES;
				CLANG_WARN_OBJC_ROOT_CLASS = YES_ERROR;
				CLANG_WARN_QUOTED_INCLUDE_IN_FRAMEWORK_HEADER = YES;
				CLANG_WARN_RANGE_LOOP_ANALYSIS = YES;
				CLANG_WARN_STRICT_PROTOTYPES = YES;
				CLANG_WARN_SUSPICIOUS_MOVE = YES;
				CLANG_WARN_UNGUARDED_AVAILABILITY = YES_AGGRESSIVE;
				CLANG_WARN_UNREACHABLE_CODE = YES;
				CLANG_WARN__DUPLICATE_METHOD_MATCH = YES;
				COPY_PHASE_STRIP = NO;
				DEBUG_INFORMATION_FORMAT = "dwarf-with-dsym";
				ENABLE_NS_ASSERTIONS = NO;
				ENABLE_STRICT_OBJC_MSGSEND = YES;
				GCC_C_LANGUAGE_STANDARD = gnu11;
				GCC_NO_COMMON_BLOCKS = YES;
				GCC_WARN_64_TO_32_BIT_CONVERSION = YES;
				GCC_WARN_ABOUT_RETURN_TYPE = YES_ERROR;
				GCC_WARN_UNDECLARED_SELECTOR = YES;
				GCC_WARN_UNINITIALIZED_AUTOS = YES_AGGRESSIVE;
				GCC_WARN_UNUSED_FUNCTION = YES;
				GCC_WARN_UNUSED_VARIABLE = YES;
				IPHONEOS_DEPLOYMENT_TARGET = 14.4;
				MTL_ENABLE_DEBUG_INFO = NO;
				MTL_FAST_MATH = YES;
				SDKROOT = iphoneos;
				SWIFT_COMPILATION_MODE = wholemodule;
				SWIFT_OPTIMIZATION_LEVEL = "-O";
				VALIDATE_PRODUCT = YES;
			};
			name = Release;
		};
		1D8B68D22601B74500EF6F8F /* Debug */ = {
			isa = XCBuildConfiguration;
			baseConfigurationReference = 4E4445F1BAAF832C8D2C6D50 /* Pods-InstagramClone.debug.xcconfig */;
			buildSettings = {
				ASSETCATALOG_COMPILER_APPICON_NAME = AppIcon;
				ASSETCATALOG_COMPILER_GLOBAL_ACCENT_COLOR_NAME = AccentColor;
				CODE_SIGN_STYLE = Automatic;
				DEVELOPMENT_TEAM = 5HZQ3M82FA;
				INFOPLIST_FILE = InstagramClone/Info.plist;
				LD_RUNPATH_SEARCH_PATHS = (
					"$(inherited)",
					"@executable_path/Frameworks",
				);
				PRODUCT_BUNDLE_IDENTIFIER = Seunghun.InstagramClone;
				PRODUCT_NAME = "$(TARGET_NAME)";
				SWIFT_VERSION = 5.0;
				TARGETED_DEVICE_FAMILY = "1,2";
			};
			name = Debug;
		};
		1D8B68D32601B74500EF6F8F /* Release */ = {
			isa = XCBuildConfiguration;
			baseConfigurationReference = 0C12081173CED909061C33B1 /* Pods-InstagramClone.release.xcconfig */;
			buildSettings = {
				ASSETCATALOG_COMPILER_APPICON_NAME = AppIcon;
				ASSETCATALOG_COMPILER_GLOBAL_ACCENT_COLOR_NAME = AccentColor;
				CODE_SIGN_STYLE = Automatic;
				DEVELOPMENT_TEAM = 5HZQ3M82FA;
				INFOPLIST_FILE = InstagramClone/Info.plist;
				LD_RUNPATH_SEARCH_PATHS = (
					"$(inherited)",
					"@executable_path/Frameworks",
				);
				PRODUCT_BUNDLE_IDENTIFIER = Seunghun.InstagramClone;
				PRODUCT_NAME = "$(TARGET_NAME)";
				SWIFT_VERSION = 5.0;
				TARGETED_DEVICE_FAMILY = "1,2";
			};
			name = Release;
		};
/* End XCBuildConfiguration section */

/* Begin XCConfigurationList section */
		1D8B68B82601B74300EF6F8F /* Build configuration list for PBXProject "InstagramClone" */ = {
			isa = XCConfigurationList;
			buildConfigurations = (
				1D8B68CF2601B74500EF6F8F /* Debug */,
				1D8B68D02601B74500EF6F8F /* Release */,
			);
			defaultConfigurationIsVisible = 0;
			defaultConfigurationName = Release;
		};
		1D8B68D12601B74500EF6F8F /* Build configuration list for PBXNativeTarget "InstagramClone" */ = {
			isa = XCConfigurationList;
			buildConfigurations = (
				1D8B68D22601B74500EF6F8F /* Debug */,
				1D8B68D32601B74500EF6F8F /* Release */,
			);
			defaultConfigurationIsVisible = 0;
			defaultConfigurationName = Release;
		};
/* End XCConfigurationList section */
	};
	rootObject = 1D8B68B52601B74300EF6F8F /* Project object */;
}
